
Microsoft Visual Studio Solution File, Format Version 12.00
# Visual Studio 2013
VisualStudioVersion = 12.0.21005.1
MinimumVisualStudioVersion = 10.0.40219.1
Project("{FAE04EC0-301F-11D3-BF4B-00C04F79EFBC}") = "Hstar.KnowledgeLibrary.WebUI", "Hstar.KnowledgeLibrary.WebUI\Hstar.KnowledgeLibrary.WebUI.csproj", "{3C04EBD8-693E-4C14-81F4-76A05394FE5D}"
EndProject
Project("{FAE04EC0-301F-11D3-BF4B-00C04F79EFBC}") = "Hstar.KnowledgeLibrary.Model", "Hstar.KnowledgeLibrary.Model\Hstar.KnowledgeLibrary.Model.csproj", "{1F563189-6E44-4551-BFE2-CF94D61DA2C7}"
EndProject
Project("{FAE04EC0-301F-11D3-BF4B-00C04F79EFBC}") = "Hstar.KnowledgeLibrary.Business", "Hstar.KnowledgeLibrary.Business\Hstar.KnowledgeLibrary.Business.csproj", "{1D0A53CC-DD8B-45E0-8881-E1FB47979CC2}"
EndProject
Project("{FAE04EC0-301F-11D3-BF4B-00C04F79EFBC}") = "Hstar.KnowledgeLibrary.DataAccess", "Hstar.KnowledgeLibrary.DataAccess\Hstar.KnowledgeLibrary.DataAccess.csproj", "{FED775F5-83E1-4D79-93FE-339F0775E5CD}"
EndProject
Project("{FAE04EC0-301F-11D3-BF4B-00C04F79EFBC}") = "Hstar.Framework", "Hstar.Framework\Hstar.Framework.csproj", "{EC184622-D99E-46FD-8DA3-BA3885CA27C7}"
EndProject
Global
	GlobalSection(SolutionConfigurationPlatforms) = preSolution
		Debug|Any CPU = Debug|Any CPU
		Release|Any CPU = Release|Any CPU
	EndGlobalSection
	GlobalSection(ProjectConfigurationPlatforms) = postSolution
		{3C04EBD8-693E-4C14-81F4-76A05394FE5D}.Debug|Any CPU.ActiveCfg = Debug|Any CPU
		{3C04EBD8-693E-4C14-81F4-76A05394FE5D}.Debug|Any CPU.Build.0 = Debug|Any CPU
		{3C04EBD8-693E-4C14-81F4-76A05394FE5D}.Release|Any CPU.ActiveCfg = Release|Any CPU
		{3C04EBD8-693E-4C14-81F4-76A05394FE5D}.Release|Any CPU.Build.0 = Release|Any CPU
		{1F563189-6E44-4551-BFE2-CF94D61DA2C7}.Debug|Any CPU.ActiveCfg = Debug|Any CPU
		{1F563189-6E44-4551-BFE2-CF94D61DA2C7}.Debug|Any CPU.Build.0 = Debug|Any CPU
		{1F563189-6E44-4551-BFE2-CF94D61DA2C7}.Release|Any CPU.ActiveCfg = Release|Any CPU
		{1F563189-6E44-4551-BFE2-CF94D61DA2C7}.Release|Any CPU.Build.0 = Release|Any CPU
		{1D0A53CC-DD8B-45E0-8881-E1FB47979CC2}.Debug|Any CPU.ActiveCfg = Debug|Any CPU
		{1D0A53CC-DD8B-45E0-8881-E1FB47979CC2}.Debug|Any CPU.Build.0 = Debug|Any CPU
		{1D0A53CC-DD8B-45E0-8881-E1FB47979CC2}.Release|Any CPU.ActiveCfg = Release|Any CPU
		{1D0A53CC-DD8B-45E0-8881-E1FB47979CC2}.Release|Any CPU.Build.0 = Release|Any CPU
		{FED775F5-83E1-4D79-93FE-339F0775E5CD}.Debug|Any CPU.ActiveCfg = Debug|Any CPU
		{FED775F5-83E1-4D79-93FE-339F0775E5CD}.Debug|Any CPU.Build.0 = Debug|Any CPU
		{FED775F5-83E1-4D79-93FE-339F0775E5CD}.Release|Any CPU.ActiveCfg = Release|Any CPU
		{FED775F5-83E1-4D79-93FE-339F0775E5CD}.Release|Any CPU.Build.0 = Release|Any CPU
		{EC184622-D99E-46FD-8DA3-BA3885CA27C7}.Debug|Any CPU.ActiveCfg = Debug|Any CPU
		{EC184622-D99E-46FD-8DA3-BA3885CA27C7}.Debug|Any CPU.Build.0 = Debug|Any CPU
		{EC184622-D99E-46FD-8DA3-BA3885CA27C7}.Release|Any CPU.ActiveCfg = Release|Any CPU
		{EC184622-D99E-46FD-8DA3-BA3885CA27C7}.Release|Any CPU.Build.0 = Release|Any CPU
	EndGlobalSection
	GlobalSection(SolutionProperties) = preSolution
		HideSolutionNode = FALSE
	EndGlobalSection
EndGlobal
